
Microsoft Visual Studio Solution File, Format Version 12.00
# Visual Studio Version 16
VisualStudioVersion = 16.0.29613.14
MinimumVisualStudioVersion = 10.0.40219.1
Project("{8BC9CEB8-8B4A-11D0-8D11-00A0C91BC942}") = "Lab1", "Lab1\Lab1.vcxproj", "{26DA96A3-541E-454D-924A-914661B2B1FE}"
EndProject
Project("{8BC9CEB8-8B4A-11D0-8D11-00A0C91BC942}") = "Lab2", "Lab2\Lab2.vcxproj", "{249A30AD-A9AE-4190-BC4D-87EFE27249BE}"
EndProject
Project("{8BC9CEB8-8B4A-11D0-8D11-00A0C91BC942}") = "Lab3", "Lab3\Lab3.vcxproj", "{41FA4D90-C3A3-45BC-A1D4-1EA6F4F4887C}"
EndProject
Project("{8BC9CEB8-8B4A-11D0-8D11-00A0C91BC942}") = "Lab4", "Lab4\Lab4.vcxproj", "{0D43B555-A545-446C-8085-E89420ABC6D1}"
EndProject
Project("{8BC9CEB8-8B4A-11D0-8D11-00A0C91BC942}") = "Run", "Run\Run.vcxproj", "{DE799A43-C4B4-47A0-89F3-597C4240E56D}"
EndProject
Project("{8BC9CEB8-8B4A-11D0-8D11-00A0C91BC942}") = "Assignment2", "Assignment2\Assignment2.vcxproj", "{1EFFF844-8379-4879-AC22-B5340FB3526D}"
EndProject
Project("{8BC9CEB8-8B4A-11D0-8D11-00A0C91BC942}") = "Lab5", "Lab5\Lab5.vcxproj", "{5A8D649E-64E8-4E11-A345-90B587A7371F}"
EndProject
Project("{8BC9CEB8-8B4A-11D0-8D11-00A0C91BC942}") = "Lab6", "Lab6\Lab6.vcxproj", "{435986E1-43F1-4EB9-9A95-7260597D7483}"
EndProject
Project("{8BC9CEB8-8B4A-11D0-8D11-00A0C91BC942}") = "Lab7B", "Lab7B\Lab7B.vcxproj", "{5B346EDA-B99C-4E73-AFF0-7A70F8AF6966}"
EndProject
Project("{8BC9CEB8-8B4A-11D0-8D11-00A0C91BC942}") = "Lab7A", "Lab7\Lab7.vcxproj", "{FDC10527-7D2C-4DA1-9BB8-B769F1C5AE14}"
EndProject
Project("{8BC9CEB8-8B4A-11D0-8D11-00A0C91BC942}") = "Lab8", "Lab8\Lab8.vcxproj", "{58D839BA-4FB5-4E5E-A2C4-CBA7C3F7B680}"
EndProject
Global
	GlobalSection(SolutionConfigurationPlatforms) = preSolution
		Debug|x64 = Debug|x64
		Debug|x86 = Debug|x86
		Release|x64 = Release|x64
		Release|x86 = Release|x86
	EndGlobalSection
	GlobalSection(ProjectConfigurationPlatforms) = postSolution
		{26DA96A3-541E-454D-924A-914661B2B1FE}.Debug|x64.ActiveCfg = Debug|x64
		{26DA96A3-541E-454D-924A-914661B2B1FE}.Debug|x64.Build.0 = Debug|x64
		{26DA96A3-541E-454D-924A-914661B2B1FE}.Debug|x86.ActiveCfg = Debug|Win32
		{26DA96A3-541E-454D-924A-914661B2B1FE}.Debug|x86.Build.0 = Debug|Win32
		{26DA96A3-541E-454D-924A-914661B2B1FE}.Release|x64.ActiveCfg = Release|x64
		{26DA96A3-541E-454D-924A-914661B2B1FE}.Release|x64.Build.0 = Release|x64
		{26DA96A3-541E-454D-924A-914661B2B1FE}.Release|x86.ActiveCfg = Release|Win32
		{26DA96A3-541E-454D-924A-914661B2B1FE}.Release|x86.Build.0 = Release|Win32
		{249A30AD-A9AE-4190-BC4D-87EFE27249BE}.Debug|x64.ActiveCfg = Debug|x64
		{249A30AD-A9AE-4190-BC4D-87EFE27249BE}.Debug|x64.Build.0 = Debug|x64
		{249A30AD-A9AE-4190-BC4D-87EFE27249BE}.Debug|x86.ActiveCfg = Debug|Win32
		{249A30AD-A9AE-4190-BC4D-87EFE27249BE}.Debug|x86.Build.0 = Debug|Win32
		{249A30AD-A9AE-4190-BC4D-87EFE27249BE}.Release|x64.ActiveCfg = Release|x64
		{249A30AD-A9AE-4190-BC4D-87EFE27249BE}.Release|x64.Build.0 = Release|x64
		{249A30AD-A9AE-4190-BC4D-87EFE27249BE}.Release|x86.ActiveCfg = Release|Win32
		{249A30AD-A9AE-4190-BC4D-87EFE27249BE}.Release|x86.Build.0 = Release|Win32
		{41FA4D90-C3A3-45BC-A1D4-1EA6F4F4887C}.Debug|x64.ActiveCfg = Debug|x64
		{41FA4D90-C3A3-45BC-A1D4-1EA6F4F4887C}.Debug|x64.Build.0 = Debug|x64
		{41FA4D90-C3A3-45BC-A1D4-1EA6F4F4887C}.Debug|x86.ActiveCfg = Debug|Win32
		{41FA4D90-C3A3-45BC-A1D4-1EA6F4F4887C}.Debug|x86.Build.0 = Debug|Win32
		{41FA4D90-C3A3-45BC-A1D4-1EA6F4F4887C}.Release|x64.ActiveCfg = Release|x64
		{41FA4D90-C3A3-45BC-A1D4-1EA6F4F4887C}.Release|x64.Build.0 = Release|x64
		{41FA4D90-C3A3-45BC-A1D4-1EA6F4F4887C}.Release|x86.ActiveCfg = Release|Win32
		{41FA4D90-C3A3-45BC-A1D4-1EA6F4F4887C}.Release|x86.Build.0 = Release|Win32
		{0D43B555-A545-446C-8085-E89420ABC6D1}.Debug|x64.ActiveCfg = Debug|x64
		{0D43B555-A545-446C-8085-E89420ABC6D1}.Debug|x64.Build.0 = Debug|x64
		{0D43B555-A545-446C-8085-E89420ABC6D1}.Debug|x86.ActiveCfg = Debug|Win32
		{0D43B555-A545-446C-8085-E89420ABC6D1}.Debug|x86.Build.0 = Debug|Win32
		{0D43B555-A545-446C-8085-E89420ABC6D1}.Release|x64.ActiveCfg = Release|x64
		{0D43B555-A545-446C-8085-E89420ABC6D1}.Release|x64.Build.0 = Release|x64
		{0D43B555-A545-446C-8085-E89420ABC6D1}.Release|x86.ActiveCfg = Release|Win32
		{0D43B555-A545-446C-8085-E89420ABC6D1}.Release|x86.Build.0 = Release|Win32
		{DE799A43-C4B4-47A0-89F3-597C4240E56D}.Debug|x64.ActiveCfg = Debug|x64
		{DE799A43-C4B4-47A0-89F3-597C4240E56D}.Debug|x64.Build.0 = Debug|x64
		{DE799A43-C4B4-47A0-89F3-597C4240E56D}.Debug|x86.ActiveCfg = Debug|Win32
		{DE799A43-C4B4-47A0-89F3-597C4240E56D}.Debug|x86.Build.0 = Debug|Win32
		{DE799A43-C4B4-47A0-89F3-597C4240E56D}.Release|x64.ActiveCfg = Release|x64
		{DE799A43-C4B4-47A0-89F3-597C4240E56D}.Release|x64.Build.0 = Release|x64
		{DE799A43-C4B4-47A0-89F3-597C4240E56D}.Release|x86.ActiveCfg = Release|Win32
		{DE799A43-C4B4-47A0-89F3-597C4240E56D}.Release|x86.Build.0 = Release|Win32
		{1EFFF844-8379-4879-AC22-B5340FB3526D}.Debug|x64.ActiveCfg = Debug|x64
		{1EFFF844-8379-4879-AC22-B5340FB3526D}.Debug|x64.Build.0 = Debug|x64
		{1EFFF844-8379-4879-AC22-B5340FB3526D}.Debug|x86.ActiveCfg = Debug|Win32
		{1EFFF844-8379-4879-AC22-B5340FB3526D}.Debug|x86.Build.0 = Debug|Win32
		{1EFFF844-8379-4879-AC22-B5340FB3526D}.Release|x64.ActiveCfg = Release|x64
		{1EFFF844-8379-4879-AC22-B5340FB3526D}.Release|x64.Build.0 = Release|x64
		{1EFFF844-8379-4879-AC22-B5340FB3526D}.Release|x86.ActiveCfg = Release|Win32
		{1EFFF844-8379-4879-AC22-B5340FB3526D}.Release|x86.Build.0 = Release|Win32
		{5A8D649E-64E8-4E11-A345-90B587A7371F}.Debug|x64.ActiveCfg = Debug|x64
		{5A8D649E-64E8-4E11-A345-90B587A7371F}.Debug|x64.Build.0 = Debug|x64
		{5A8D649E-64E8-4E11-A345-90B587A7371F}.Debug|x86.ActiveCfg = Debug|Win32
		{5A8D649E-64E8-4E11-A345-90B587A7371F}.Debug|x86.Build.0 = Debug|Win32
		{5A8D649E-64E8-4E11-A345-90B587A7371F}.Release|x64.ActiveCfg = Release|x64
		{5A8D649E-64E8-4E11-A345-90B587A7371F}.Release|x64.Build.0 = Release|x64
		{5A8D649E-64E8-4E11-A345-90B587A7371F}.Release|x86.ActiveCfg = Release|Win32
		{5A8D649E-64E8-4E11-A345-90B587A7371F}.Release|x86.Build.0 = Release|Win32
		{435986E1-43F1-4EB9-9A95-7260597D7483}.Debug|x64.ActiveCfg = Debug|x64
		{435986E1-43F1-4EB9-9A95-7260597D7483}.Debug|x64.Build.0 = Debug|x64
		{435986E1-43F1-4EB9-9A95-7260597D7483}.Debug|x86.ActiveCfg = Debug|Win32
		{435986E1-43F1-4EB9-9A95-7260597D7483}.Debug|x86.Build.0 = Debug|Win32
		{435986E1-43F1-4EB9-9A95-7260597D7483}.Release|x64.ActiveCfg = Release|x64
		{435986E1-43F1-4EB9-9A95-7260597D7483}.Release|x64.Build.0 = Release|x64
		{435986E1-43F1-4EB9-9A95-7260597D7483}.Release|x86.ActiveCfg = Release|Win32
		{435986E1-43F1-4EB9-9A95-7260597D7483}.Release|x86.Build.0 = Release|Win32
		{5B346EDA-B99C-4E73-AFF0-7A70F8AF6966}.Debug|x64.ActiveCfg = Debug|x64
		{5B346EDA-B99C-4E73-AFF0-7A70F8AF6966}.Debug|x64.Build.0 = Debug|x64
		{5B346EDA-B99C-4E73-AFF0-7A70F8AF6966}.Debug|x86.ActiveCfg = Debug|Win32
		{5B346EDA-B99C-4E73-AFF0-7A70F8AF6966}.Debug|x86.Build.0 = Debug|Win32
		{5B346EDA-B99C-4E73-AFF0-7A70F8AF6966}.Release|x64.ActiveCfg = Release|x64
		{5B346EDA-B99C-4E73-AFF0-7A70F8AF6966}.Release|x64.Build.0 = Release|x64
		{5B346EDA-B99C-4E73-AFF0-7A70F8AF6966}.Release|x86.ActiveCfg = Release|Win32
		{5B346EDA-B99C-4E73-AFF0-7A70F8AF6966}.Release|x86.Build.0 = Release|Win32
		{FDC10527-7D2C-4DA1-9BB8-B769F1C5AE14}.Debug|x64.ActiveCfg = Debug|x64
		{FDC10527-7D2C-4DA1-9BB8-B769F1C5AE14}.Debug|x64.Build.0 = Debug|x64
		{FDC10527-7D2C-4DA1-9BB8-B769F1C5AE14}.Debug|x86.ActiveCfg = Debug|Win32
		{FDC10527-7D2C-4DA1-9BB8-B769F1C5AE14}.Debug|x86.Build.0 = Debug|Win32
		{FDC10527-7D2C-4DA1-9BB8-B769F1C5AE14}.Release|x64.ActiveCfg = Release|x64
		{FDC10527-7D2C-4DA1-9BB8-B769F1C5AE14}.Release|x64.Build.0 = Release|x64
		{FDC10527-7D2C-4DA1-9BB8-B769F1C5AE14}.Release|x86.ActiveCfg = Release|Win32
		{FDC10527-7D2C-4DA1-9BB8-B769F1C5AE14}.Release|x86.Build.0 = Release|Win32
		{58D839BA-4FB5-4E5E-A2C4-CBA7C3F7B680}.Debug|x64.ActiveCfg = Debug|x64
		{58D839BA-4FB5-4E5E-A2C4-CBA7C3F7B680}.Debug|x64.Build.0 = Debug|x64
		{58D839BA-4FB5-4E5E-A2C4-CBA7C3F7B680}.Debug|x86.ActiveCfg = Debug|Win32
		{58D839BA-4FB5-4E5E-A2C4-CBA7C3F7B680}.Debug|x86.Build.0 = Debug|Win32
		{58D839BA-4FB5-4E5E-A2C4-CBA7C3F7B680}.Release|x64.ActiveCfg = Release|x64
		{58D839BA-4FB5-4E5E-A2C4-CBA7C3F7B680}.Release|x64.Build.0 = Release|x64
		{58D839BA-4FB5-4E5E-A2C4-CBA7C3F7B680}.Release|x86.ActiveCfg = Release|Win32
		{58D839BA-4FB5-4E5E-A2C4-CBA7C3F7B680}.Release|x86.Build.0 = Release|Win32
	EndGlobalSection
	GlobalSection(SolutionProperties) = preSolution
		HideSolutionNode = FALSE
	EndGlobalSection
	GlobalSection(ExtensibilityGlobals) = postSolution
		SolutionGuid = {C8B0CEFE-7468-492E-A3A6-0F2EA8BB4B9F}
	EndGlobalSection
EndGlobal
